
Microsoft Visual Studio Solution File, Format Version 12.00
# Visual Studio 15
VisualStudioVersion = 15.0.27428.2037
MinimumVisualStudioVersion = 10.0.40219.1
Project("{2150E333-8FDC-42A3-9474-1A3956D46DE8}") = "src", "src", "{8050DE29-D91A-463C-888E-DFA949C9BAC4}"
	ProjectSection(SolutionItems) = preProject
		request.json = request.json
	EndProjectSection
EndProject
Project("{2150E333-8FDC-42A3-9474-1A3956D46DE8}") = "Services", "Services", "{19D3B84D-900B-49B3-AEA7-0706B717D16C}"
EndProject
Project("{2150E333-8FDC-42A3-9474-1A3956D46DE8}") = "Flight", "Flight", "{772DF18B-832D-4163-9FA8-1EACFA7B0D61}"
EndProject
Project("{2150E333-8FDC-42A3-9474-1A3956D46DE8}") = "Booking", "Booking", "{5BFC07A7-AEF7-49B9-A099-43CA29B25735}"
EndProject
Project("{9A19103F-16F7-4668-BE54-9A1E7A4F7556}") = "Flight.API", "Services\Flight.API\Flight.API.csproj", "{300BE759-30CC-451D-95F8-98D19D9CE0B4}"
EndProject
Project("{2150E333-8FDC-42A3-9474-1A3956D46DE8}") = "Shares", "Shares", "{00215671-70BD-43A1-857A-03FBF69CABDE}"
EndProject
Project("{9A19103F-16F7-4668-BE54-9A1E7A4F7556}") = "App.Extensions", "Shares\App.Extensions\App.Extensions.csproj", "{DB7DB34F-F1B9-4BAB-9BC8-3CBA8000D769}"
EndProject
Project("{9A19103F-16F7-4668-BE54-9A1E7A4F7556}") = "Booking.API", "Services\Booking.API\Booking.API.csproj", "{4F7184AB-73FD-4E9E-AAE0-E66E2465D373}"
EndProject
Project("{9A19103F-16F7-4668-BE54-9A1E7A4F7556}") = "Model.Abstractions", "Shares\Model.Abstractions\Model.Abstractions.csproj", "{82096CC2-2D03-420B-9A6A-1B7421DB15AB}"
EndProject
Project("{2150E333-8FDC-42A3-9474-1A3956D46DE8}") = "EventBus", "EventBus", "{74082197-F4AB-4192-846A-C461A64DD4E9}"
EndProject
Project("{9A19103F-16F7-4668-BE54-9A1E7A4F7556}") = "EventBus.Base", "Shares\EventBus\EventBus.Base\EventBus.Base.csproj", "{71D63EE4-A29B-4858-865A-7EF98A90E46A}"
EndProject
Project("{9A19103F-16F7-4668-BE54-9A1E7A4F7556}") = "EventBus.RabbitMQ", "Shares\EventBus\EventBus.RabbitMQ\EventBus.RabbitMQ.csproj", "{92B378B6-AFCC-4B3D-B877-31CB16161F50}"
EndProject
Project("{2150E333-8FDC-42A3-9474-1A3956D46DE8}") = "ApiGateways", "ApiGateways", "{C38BBA21-FAA1-48F8-A1E5-DB23C0C878FD}"
EndProject
Project("{9A19103F-16F7-4668-BE54-9A1E7A4F7556}") = "FlightCentre.API", "ApiGateways\FlightCentre.API\FlightCentre.API.csproj", "{52172AE8-70BF-41BE-926F-CC0456A1D662}"
EndProject
Global
	GlobalSection(SolutionConfigurationPlatforms) = preSolution
		Debug|Any CPU = Debug|Any CPU
		Release|Any CPU = Release|Any CPU
	EndGlobalSection
	GlobalSection(ProjectConfigurationPlatforms) = postSolution
		{300BE759-30CC-451D-95F8-98D19D9CE0B4}.Debug|Any CPU.ActiveCfg = Debug|Any CPU
		{300BE759-30CC-451D-95F8-98D19D9CE0B4}.Debug|Any CPU.Build.0 = Debug|Any CPU
		{300BE759-30CC-451D-95F8-98D19D9CE0B4}.Release|Any CPU.ActiveCfg = Release|Any CPU
		{300BE759-30CC-451D-95F8-98D19D9CE0B4}.Release|Any CPU.Build.0 = Release|Any CPU
		{DB7DB34F-F1B9-4BAB-9BC8-3CBA8000D769}.Debug|Any CPU.ActiveCfg = Debug|Any CPU
		{DB7DB34F-F1B9-4BAB-9BC8-3CBA8000D769}.Debug|Any CPU.Build.0 = Debug|Any CPU
		{DB7DB34F-F1B9-4BAB-9BC8-3CBA8000D769}.Release|Any CPU.ActiveCfg = Release|Any CPU
		{DB7DB34F-F1B9-4BAB-9BC8-3CBA8000D769}.Release|Any CPU.Build.0 = Release|Any CPU
		{4F7184AB-73FD-4E9E-AAE0-E66E2465D373}.Debug|Any CPU.ActiveCfg = Debug|Any CPU
		{4F7184AB-73FD-4E9E-AAE0-E66E2465D373}.Debug|Any CPU.Build.0 = Debug|Any CPU
		{4F7184AB-73FD-4E9E-AAE0-E66E2465D373}.Release|Any CPU.ActiveCfg = Release|Any CPU
		{4F7184AB-73FD-4E9E-AAE0-E66E2465D373}.Release|Any CPU.Build.0 = Release|Any CPU
		{82096CC2-2D03-420B-9A6A-1B7421DB15AB}.Debug|Any CPU.ActiveCfg = Debug|Any CPU
		{82096CC2-2D03-420B-9A6A-1B7421DB15AB}.Debug|Any CPU.Build.0 = Debug|Any CPU
		{82096CC2-2D03-420B-9A6A-1B7421DB15AB}.Release|Any CPU.ActiveCfg = Release|Any CPU
		{82096CC2-2D03-420B-9A6A-1B7421DB15AB}.Release|Any CPU.Build.0 = Release|Any CPU
		{71D63EE4-A29B-4858-865A-7EF98A90E46A}.Debug|Any CPU.ActiveCfg = Debug|Any CPU
		{71D63EE4-A29B-4858-865A-7EF98A90E46A}.Debug|Any CPU.Build.0 = Debug|Any CPU
		{71D63EE4-A29B-4858-865A-7EF98A90E46A}.Release|Any CPU.ActiveCfg = Release|Any CPU
		{71D63EE4-A29B-4858-865A-7EF98A90E46A}.Release|Any CPU.Build.0 = Release|Any CPU
		{92B378B6-AFCC-4B3D-B877-31CB16161F50}.Debug|Any CPU.ActiveCfg = Debug|Any CPU
		{92B378B6-AFCC-4B3D-B877-31CB16161F50}.Debug|Any CPU.Build.0 = Debug|Any CPU
		{92B378B6-AFCC-4B3D-B877-31CB16161F50}.Release|Any CPU.ActiveCfg = Release|Any CPU
		{92B378B6-AFCC-4B3D-B877-31CB16161F50}.Release|Any CPU.Build.0 = Release|Any CPU
		{52172AE8-70BF-41BE-926F-CC0456A1D662}.Debug|Any CPU.ActiveCfg = Debug|Any CPU
		{52172AE8-70BF-41BE-926F-CC0456A1D662}.Debug|Any CPU.Build.0 = Debug|Any CPU
		{52172AE8-70BF-41BE-926F-CC0456A1D662}.Release|Any CPU.ActiveCfg = Release|Any CPU
		{52172AE8-70BF-41BE-926F-CC0456A1D662}.Release|Any CPU.Build.0 = Release|Any CPU
	EndGlobalSection
	GlobalSection(SolutionProperties) = preSolution
		HideSolutionNode = FALSE
	EndGlobalSection
	GlobalSection(NestedProjects) = preSolution
		{19D3B84D-900B-49B3-AEA7-0706B717D16C} = {8050DE29-D91A-463C-888E-DFA949C9BAC4}
		{772DF18B-832D-4163-9FA8-1EACFA7B0D61} = {19D3B84D-900B-49B3-AEA7-0706B717D16C}
		{5BFC07A7-AEF7-49B9-A099-43CA29B25735} = {19D3B84D-900B-49B3-AEA7-0706B717D16C}
		{300BE759-30CC-451D-95F8-98D19D9CE0B4} = {772DF18B-832D-4163-9FA8-1EACFA7B0D61}
		{00215671-70BD-43A1-857A-03FBF69CABDE} = {8050DE29-D91A-463C-888E-DFA949C9BAC4}
		{DB7DB34F-F1B9-4BAB-9BC8-3CBA8000D769} = {00215671-70BD-43A1-857A-03FBF69CABDE}
		{4F7184AB-73FD-4E9E-AAE0-E66E2465D373} = {5BFC07A7-AEF7-49B9-A099-43CA29B25735}
		{82096CC2-2D03-420B-9A6A-1B7421DB15AB} = {00215671-70BD-43A1-857A-03FBF69CABDE}
		{74082197-F4AB-4192-846A-C461A64DD4E9} = {00215671-70BD-43A1-857A-03FBF69CABDE}
		{71D63EE4-A29B-4858-865A-7EF98A90E46A} = {74082197-F4AB-4192-846A-C461A64DD4E9}
		{92B378B6-AFCC-4B3D-B877-31CB16161F50} = {74082197-F4AB-4192-846A-C461A64DD4E9}
		{C38BBA21-FAA1-48F8-A1E5-DB23C0C878FD} = {8050DE29-D91A-463C-888E-DFA949C9BAC4}
		{52172AE8-70BF-41BE-926F-CC0456A1D662} = {C38BBA21-FAA1-48F8-A1E5-DB23C0C878FD}
	EndGlobalSection
	GlobalSection(ExtensibilityGlobals) = postSolution
		SolutionGuid = {D0E54224-EA0B-4E92-B079-D0053AD96348}
	EndGlobalSection
EndGlobal
